// !$*UTF8*$!
{
	archiveVersion = 1;
	classes = {
	};
	objectVersion = 55;
	objects = {

/* Begin PBXBuildFile section */
		2DC869CA2736CD740037BB1B /* AppDelegate.swift in Sources */ = {isa = PBXBuildFile; fileRef = 2DC869C92736CD740037BB1B /* AppDelegate.swift */; };
		2DC869CC2736CD740037BB1B /* ViewController.swift in Sources */ = {isa = PBXBuildFile; fileRef = 2DC869CB2736CD740037BB1B /* ViewController.swift */; };
		2DC869CE2736CD780037BB1B /* Assets.xcassets in Resources */ = {isa = PBXBuildFile; fileRef = 2DC869CD2736CD780037BB1B /* Assets.xcassets */; };
		2DC869D12736CD780037BB1B /* Main.storyboard in Resources */ = {isa = PBXBuildFile; fileRef = 2DC869CF2736CD780037BB1B /* Main.storyboard */; };
		2DC869DC2736CD790037BB1B /* AppIconHelperTests.swift in Sources */ = {isa = PBXBuildFile; fileRef = 2DC869DB2736CD790037BB1B /* AppIconHelperTests.swift */; };
		2DC869E62736CD790037BB1B /* AppIconHelperUITests.swift in Sources */ = {isa = PBXBuildFile; fileRef = 2DC869E52736CD790037BB1B /* AppIconHelperUITests.swift */; };
		2DC869E82736CD790037BB1B /* AppIconHelperUITestsLaunchTests.swift in Sources */ = {isa = PBXBuildFile; fileRef = 2DC869E72736CD790037BB1B /* AppIconHelperUITestsLaunchTests.swift */; };
/* End PBXBuildFile section */

/* Begin PBXContainerItemProxy section */
		2DC869D82736CD790037BB1B /* PBXContainerItemProxy */ = {
			isa = PBXContainerItemProxy;
			containerPortal = 2DC869BE2736CD740037BB1B /* Project object */;
			proxyType = 1;
			remoteGlobalIDString = 2DC869C52736CD740037BB1B;
			remoteInfo = AppIconHelper;
		};
		2DC869E22736CD790037BB1B /* PBXContainerItemProxy */ = {
			isa = PBXContainerItemProxy;
			containerPortal = 2DC869BE2736CD740037BB1B /* Project object */;
			proxyType = 1;
			remoteGlobalIDString = 2DC869C52736CD740037BB1B;
			remoteInfo = AppIconHelper;
		};
/* End PBXContainerItemProxy section */

/* Begin PBXFileReference section */
		2DC869C62736CD740037BB1B /* AppIconHelper.app */ = {isa = PBXFileReference; explicitFileType = wrapper.application; includeInIndex = 0; path = AppIconHelper.app; sourceTree = BUILT_PRODUCTS_DIR; };
		2DC869C92736CD740037BB1B /* AppDelegate.swift */ = {isa = PBXFileReference; lastKnownFileType = sourcecode.swift; path = AppDelegate.swift; sourceTree = "<group>"; };
		2DC869CB2736CD740037BB1B /* ViewController.swift */ = {isa = PBXFileReference; lastKnownFileType = sourcecode.swift; path = ViewController.swift; sourceTree = "<group>"; };
		2DC869CD2736CD780037BB1B /* Assets.xcassets */ = {isa = PBXFileReference; lastKnownFileType = folder.assetcatalog; path = Assets.xcassets; sourceTree = "<group>"; };
		2DC869D02736CD780037BB1B /* Base */ = {isa = PBXFileReference; lastKnownFileType = file.storyboard; name = Base; path = Base.lproj/Main.storyboard; sourceTree = "<group>"; };
		2DC869D22736CD780037BB1B /* AppIconHelper.entitlements */ = {isa = PBXFileReference; lastKnownFileType = text.plist.entitlements; path = AppIconHelper.entitlements; sourceTree = "<group>"; };
		2DC869D72736CD790037BB1B /* AppIconHelperTests.xctest */ = {isa = PBXFileReference; explicitFileType = wrapper.cfbundle; includeInIndex = 0; path = AppIconHelperTests.xctest; sourceTree = BUILT_PRODUCTS_DIR; };
		2DC869DB2736CD790037BB1B /* AppIconHelperTests.swift */ = {isa = PBXFileReference; lastKnownFileType = sourcecode.swift; path = AppIconHelperTests.swift; sourceTree = "<group>"; };
		2DC869E12736CD790037BB1B /* AppIconHelperUITests.xctest */ = {isa = PBXFileReference; explicitFileType = wrapper.cfbundle; includeInIndex = 0; path = AppIconHelperUITests.xctest; sourceTree = BUILT_PRODUCTS_DIR; };
		2DC869E52736CD790037BB1B /* AppIconHelperUITests.swift */ = {isa = PBXFileReference; lastKnownFileType = sourcecode.swift; path = AppIconHelperUITests.swift; sourceTree = "<group>"; };
		2DC869E72736CD790037BB1B /* AppIconHelperUITestsLaunchTests.swift */ = {isa = PBXFileReference; lastKnownFileType = sourcecode.swift; path = AppIconHelperUITestsLaunchTests.swift; sourceTree = "<group>"; };
/* End PBXFileReference section */

/* Begin PBXFrameworksBuildPhase section */
		2DC869C32736CD740037BB1B /* Frameworks */ = {
			isa = PBXFrameworksBuildPhase;
			buildActionMask = 2147483647;
			files = (
			);
			runOnlyForDeploymentPostprocessing = 0;
		};
		2DC869D42736CD790037BB1B /* Frameworks */ = {
			isa = PBXFrameworksBuildPhase;
			buildActionMask = 2147483647;
			files = (
			);
			runOnlyForDeploymentPostprocessing = 0;
		};
		2DC869DE2736CD790037BB1B /* Frameworks */ = {
			isa = PBXFrameworksBuildPhase;
			buildActionMask = 2147483647;
			files = (
			);
			runOnlyForDeploymentPostprocessing = 0;
		};
/* End PBXFrameworksBuildPhase section */

/* Begin PBXGroup section */
		2DC869BD2736CD740037BB1B = {
			isa = PBXGroup;
			children = (
				2DC869C82736CD740037BB1B /* AppIconHelper */,
				2DC869DA2736CD790037BB1B /* AppIconHelperTests */,
				2DC869E42736CD790037BB1B /* AppIconHelperUITests */,
				2DC869C72736CD740037BB1B /* Products */,
			);
			sourceTree = "<group>";
		};
		2DC869C72736CD740037BB1B /* Products */ = {
			isa = PBXGroup;
			children = (
				2DC869C62736CD740037BB1B /* AppIconHelper.app */,
				2DC869D72736CD790037BB1B /* AppIconHelperTests.xctest */,
				2DC869E12736CD790037BB1B /* AppIconHelperUITests.xctest */,
			);
			name = Products;
			sourceTree = "<group>";
		};
		2DC869C82736CD740037BB1B /* AppIconHelper */ = {
			isa = PBXGroup;
			children = (
				2DC869C92736CD740037BB1B /* AppDelegate.swift */,
				2DC869CB2736CD740037BB1B /* ViewController.swift */,
				2DC869CD2736CD780037BB1B /* Assets.xcassets */,
				2DC869CF2736CD780037BB1B /* Main.storyboard */,
				2DC869D22736CD780037BB1B /* AppIconHelper.entitlements */,
			);
			path = AppIconHelper;
			sourceTree = "<group>";
		};
		2DC869DA2736CD790037BB1B /* AppIconHelperTests */ = {
			isa = PBXGroup;
			children = (
				2DC869DB2736CD790037BB1B /* AppIconHelperTests.swift */,
			);
			path = AppIconHelperTests;
			sourceTree = "<group>";
		};
		2DC869E42736CD790037BB1B /* AppIconHelperUITests */ = {
			isa = PBXGroup;
			children = (
				2DC869E52736CD790037BB1B /* AppIconHelperUITests.swift */,
				2DC869E72736CD790037BB1B /* AppIconHelperUITestsLaunchTests.swift */,
			);
			path = AppIconHelperUITests;
			sourceTree = "<group>";
		};
/* End PBXGroup section */

/* Begin PBXNativeTarget section */
		2DC869C52736CD740037BB1B /* AppIconHelper */ = {
			isa = PBXNativeTarget;
			buildConfigurationList = 2DC869EB2736CD790037BB1B /* Build configuration list for PBXNativeTarget "AppIconHelper" */;
			buildPhases = (
				2DC869C22736CD740037BB1B /* Sources */,
				2DC869C32736CD740037BB1B /* Frameworks */,
				2DC869C42736CD740037BB1B /* Resources */,
			);
			buildRules = (
			);
			dependencies = (
			);
			name = AppIconHelper;
			productName = AppIconHelper;
			productReference = 2DC869C62736CD740037BB1B /* AppIconHelper.app */;
			productType = "com.apple.product-type.application";
		};
		2DC869D62736CD790037BB1B /* AppIconHelperTests */ = {
			isa = PBXNativeTarget;
			buildConfigurationList = 2DC869EE2736CD790037BB1B /* Build configuration list for PBXNativeTarget "AppIconHelperTests" */;
			buildPhases = (
				2DC869D32736CD790037BB1B /* Sources */,
				2DC869D42736CD790037BB1B /* Frameworks */,
				2DC869D52736CD790037BB1B /* Resources */,
			);
			buildRules = (
			);
			dependencies = (
				2DC869D92736CD790037BB1B /* PBXTargetDependency */,
			);
			name = AppIconHelperTests;
			productName = AppIconHelperTests;
			productReference = 2DC869D72736CD790037BB1B /* AppIconHelperTests.xctest */;
			productType = "com.apple.product-type.bundle.unit-test";
		};
		2DC869E02736CD790037BB1B /* AppIconHelperUITests */ = {
			isa = PBXNativeTarget;
			buildConfigurationList = 2DC869F12736CD790037BB1B /* Build configuration list for PBXNativeTarget "AppIconHelperUITests" */;
			buildPhases = (
				2DC869DD2736CD790037BB1B /* Sources */,
				2DC869DE2736CD790037BB1B /* Frameworks */,
				2DC869DF2736CD790037BB1B /* Resources */,
			);
			buildRules = (
			);
			dependencies = (
				2DC869E32736CD790037BB1B /* PBXTargetDependency */,
			);
			name = AppIconHelperUITests;
			productName = AppIconHelperUITests;
			productReference = 2DC869E12736CD790037BB1B /* AppIconHelperUITests.xctest */;
			productType = "com.apple.product-type.bundle.ui-testing";
		};
/* End PBXNativeTarget section */

/* Begin PBXProject section */
		2DC869BE2736CD740037BB1B /* Project object */ = {
			isa = PBXProject;
			attributes = {
				BuildIndependentTargetsInParallel = 1;
				LastSwiftUpdateCheck = 1310;
				LastUpgradeCheck = 1310;
				TargetAttributes = {
					2DC869C52736CD740037BB1B = {
						CreatedOnToolsVersion = 13.1;
					};
					2DC869D62736CD790037BB1B = {
						CreatedOnToolsVersion = 13.1;
						TestTargetID = 2DC869C52736CD740037BB1B;
					};
					2DC869E02736CD790037BB1B = {
						CreatedOnToolsVersion = 13.1;
						TestTargetID = 2DC869C52736CD740037BB1B;
					};
				};
			};
			buildConfigurationList = 2DC869C12736CD740037BB1B /* Build configuration list for PBXProject "AppIconHelper" */;
			compatibilityVersion = "Xcode 13.0";
			developmentRegion = en;
			hasScannedForEncodings = 0;
			knownRegions = (
				en,
				Base,
			);
			mainGroup = 2DC869BD2736CD740037BB1B;
			productRefGroup = 2DC869C72736CD740037BB1B /* Products */;
			projectDirPath = "";
			projectRoot = "";
			targets = (
				2DC869C52736CD740037BB1B /* AppIconHelper */,
				2DC869D62736CD790037BB1B /* AppIconHelperTests */,
				2DC869E02736CD790037BB1B /* AppIconHelperUITests */,
			);
		};
/* End PBXProject section */

/* Begin PBXResourcesBuildPhase section */
		2DC869C42736CD740037BB1B /* Resources */ = {
			isa = PBXResourcesBuildPhase;
			buildActionMask = 2147483647;
			files = (
				2DC869CE2736CD780037BB1B /* Assets.xcassets in Resources */,
				2DC869D12736CD780037BB1B /* Main.storyboard in Resources */,
			);
			runOnlyForDeploymentPostprocessing = 0;
		};
		2DC869D52736CD790037BB1B /* Resources */ = {
			isa = PBXResourcesBuildPhase;
			buildActionMask = 2147483647;
			files = (
			);
			runOnlyForDeploymentPostprocessing = 0;
		};
		2DC869DF2736CD790037BB1B /* Resources */ = {
			isa = PBXResourcesBuildPhase;
			buildActionMask = 2147483647;
			files = (
			);
			runOnlyForDeploymentPostprocessing = 0;
		};
/* End PBXResourcesBuildPhase section */

/* Begin PBXSourcesBuildPhase section */
		2DC869C22736CD740037BB1B /* Sources */ = {
			isa = PBXSourcesBuildPhase;
			buildActionMask = 2147483647;
			files = (
				2DC869CC2736CD740037BB1B /* ViewController.swift in Sources */,
				2DC869CA2736CD740037BB1B /* AppDelegate.swift in Sources */,
			);
			runOnlyForDeploymentPostprocessing = 0;
		};
		2DC869D32736CD790037BB1B /* Sources */ = {
			isa = PBXSourcesBuildPhase;
			buildActionMask = 2147483647;
			files = (
				2DC869DC2736CD790037BB1B /* AppIconHelperTests.swift in Sources */,
			);
			runOnlyForDeploymentPostprocessing = 0;
		};
		2DC869DD2736CD790037BB1B /* Sources */ = {
			isa = PBXSourcesBuildPhase;
			buildActionMask = 2147483647;
			files = (
				2DC869E62736CD790037BB1B /* AppIconHelperUITests.swift in Sources */,
				2DC869E82736CD790037BB1B /* AppIconHelperUITestsLaunchTests.swift in Sources */,
			);
			runOnlyForDeploymentPostprocessing = 0;
		};
/* End PBXSourcesBuildPhase section */

/* Begin PBXTargetDependency section */
		2DC869D92736CD790037BB1B /* PBXTargetDependency */ = {
			isa = PBXTargetDependency;
			target = 2DC869C52736CD740037BB1B /* AppIconHelper */;
			targetProxy = 2DC869D82736CD790037BB1B /* PBXContainerItemProxy */;
		};
		2DC869E32736CD790037BB1B /* PBXTargetDependency */ = {
			isa = PBXTargetDependency;
			target = 2DC869C52736CD740037BB1B /* AppIconHelper */;
			targetProxy = 2DC869E22736CD790037BB1B /* PBXContainerItemProxy */;
		};
/* End PBXTargetDependency section */

/* Begin PBXVariantGroup section */
		2DC869CF2736CD780037BB1B /* Main.storyboard */ = {
			isa = PBXVariantGroup;
			children = (
				2DC869D02736CD780037BB1B /* Base */,
			);
			name = Main.storyboard;
			sourceTree = "<group>";
		};
/* End PBXVariantGroup section */

/* Begin XCBuildConfiguration section */
		2DC869E92736CD790037BB1B /* Debug */ = {
			isa = XCBuildConfiguration;
			buildSettings = {
				ALWAYS_SEARCH_USER_PATHS = NO;
				CLANG_ANALYZER_NONNULL = YES;
				CLANG_ANALYZER_NUMBER_OBJECT_CONVERSION = YES_AGGRESSIVE;
				CLANG_CXX_LANGUAGE_STANDARD = "gnu++17";
				CLANG_CXX_LIBRARY = "libc++";
				CLANG_ENABLE_MODULES = YES;
				CLANG_ENABLE_OBJC_ARC = YES;
				CLANG_ENABLE_OBJC_WEAK = YES;
				CLANG_WARN_BLOCK_CAPTURE_AUTORELEASING = YES;
				CLANG_WARN_BOOL_CONVERSION = YES;
				CLANG_WARN_COMMA = YES;
				CLANG_WARN_CONSTANT_CONVERSION = YES;
				CLANG_WARN_DEPRECATED_OBJC_IMPLEMENTATIONS = YES;
				CLANG_WARN_DIRECT_OBJC_ISA_USAGE = YES_ERROR;
				CLANG_WARN_DOCUMENTATION_COMMENTS = YES;
				CLANG_WARN_EMPTY_BODY = YES;
				CLANG_WARN_ENUM_CONVERSION = YES;
				CLANG_WARN_INFINITE_RECURSION = YES;
				CLANG_WARN_INT_CONVERSION = YES;
				CLANG_WARN_NON_LITERAL_NULL_CONVERSION = YES;
				CLANG_WARN_OBJC_IMPLICIT_RETAIN_SELF = YES;
				CLANG_WARN_OBJC_LITERAL_CONVERSION = YES;
				CLANG_WARN_OBJC_ROOT_CLASS = YES_ERROR;
				CLANG_WARN_QUOTED_INCLUDE_IN_FRAMEWORK_HEADER = YES;
				CLANG_WARN_RANGE_LOOP_ANALYSIS = YES;
				CLANG_WARN_STRICT_PROTOTYPES = YES;
				CLANG_WARN_SUSPICIOUS_MOVE = YES;
				CLANG_WARN_UNGUARDED_AVAILABILITY = YES_AGGRESSIVE;
				CLANG_WARN_UNREACHABLE_CODE = YES;
				CLANG_WARN__DUPLICATE_METHOD_MATCH = YES;
				COPY_PHASE_STRIP = NO;
				DEBUG_INFORMATION_FORMAT = dwarf;
				ENABLE_STRICT_OBJC_MSGSEND = YES;
				ENABLE_TESTABILITY = YES;
				GCC_C_LANGUAGE_STANDARD = gnu11;
				GCC_DYNAMIC_NO_PIC = NO;
				GCC_NO_COMMON_BLOCKS = YES;
				GCC_OPTIMIZATION_LEVEL = 0;
				GCC_PREPROCESSOR_DEFINITIONS = (
					"DEBUG=1",
					"$(inherited)",
				);
				GCC_WARN_64_TO_32_BIT_CONVERSION = YES;
				GCC_WARN_ABOUT_RETURN_TYPE = YES_ERROR;
				GCC_WARN_UNDECLARED_SELECTOR = YES;
				GCC_WARN_UNINITIALIZED_AUTOS = YES_AGGRESSIVE;
				GCC_WARN_UNUSED_FUNCTION = YES;
				GCC_WARN_UNUSED_VARIABLE = YES;
				MACOSX_DEPLOYMENT_TARGET = 11.6;
				MTL_ENABLE_DEBUG_INFO = INCLUDE_SOURCE;
				MTL_FAST_MATH = YES;
				ONLY_ACTIVE_ARCH = YES;
				SDKROOT = macosx;
				SWIFT_ACTIVE_COMPILATION_CONDITIONS = DEBUG;
				SWIFT_OPTIMIZATION_LEVEL = "-Onone";
			};
			name = Debug;
		};
		2DC869EA2736CD790037BB1B /* Release */ = {
			isa = XCBuildConfiguration;
			buildSettings = {
				ALWAYS_SEARCH_USER_PATHS = NO;
				CLANG_ANALYZER_NONNULL = YES;
				CLANG_ANALYZER_NUMBER_OBJECT_CONVERSION = YES_AGGRESSIVE;
				CLANG_CXX_LANGUAGE_STANDARD = "gnu++17";
				CLANG_CXX_LIBRARY = "libc++";
				CLANG_ENABLE_MODULES = YES;
				CLANG_ENABLE_OBJC_ARC = YES;
				CLANG_ENABLE_OBJC_WEAK = YES;
				CLANG_WARN_BLOCK_CAPTURE_AUTORELEASING = YES;
				CLANG_WARN_BOOL_CONVERSION = YES;
				CLANG_WARN_COMMA = YES;
				CLANG_WARN_CONSTANT_CONVERSION = YES;
				CLANG_WARN_DEPRECATED_OBJC_IMPLEMENTATIONS = YES;
				CLANG_WARN_DIRECT_OBJC_ISA_USAGE = YES_ERROR;
				CLANG_WARN_DOCUMENTATION_COMMENTS = YES;
				CLANG_WARN_EMPTY_BODY = YES;
				CLANG_WARN_ENUM_CONVERSION = YES;
				CLANG_WARN_INFINITE_RECURSION = YES;
				CLANG_WARN_INT_CONVERSION = YES;
				CLANG_WARN_NON_LITERAL_NULL_CONVERSION = YES;
				CLANG_WARN_OBJC_IMPLICIT_RETAIN_SELF = YES;
				CLANG_WARN_OBJC_LITERAL_CONVERSION = YES;
				CLANG_WARN_OBJC_ROOT_CLASS = YES_ERROR;
				CLANG_WARN_QUOTED_INCLUDE_IN_FRAMEWORK_HEADER = YES;
				CLANG_WARN_RANGE_LOOP_ANALYSIS = YES;
				CLANG_WARN_STRICT_PROTOTYPES = YES;
				CLANG_WARN_SUSPICIOUS_MOVE = YES;
				CLANG_WARN_UNGUARDED_AVAILABILITY = YES_AGGRESSIVE;
				CLANG_WARN_UNREACHABLE_CODE = YES;
				CLANG_WARN__DUPLICATE_METHOD_MATCH = YES;
				COPY_PHASE_STRIP = NO;
				DEBUG_INFORMATION_FORMAT = "dwarf-with-dsym";
				ENABLE_NS_ASSERTIONS = NO;
				ENABLE_STRICT_OBJC_MSGSEND = YES;
				GCC_C_LANGUAGE_STANDARD = gnu11;
				GCC_NO_COMMON_BLOCKS = YES;
				GCC_WARN_64_TO_32_BIT_CONVERSION = YES;
				GCC_WARN_ABOUT_RETURN_TYPE = YES_ERROR;
				GCC_WARN_UNDECLARED_SELECTOR = YES;
				GCC_WARN_UNINITIALIZED_AUTOS = YES_AGGRESSIVE;
				GCC_WARN_UNUSED_FUNCTION = YES;
				GCC_WARN_UNUSED_VARIABLE = YES;
				MACOSX_DEPLOYMENT_TARGET = 11.6;
				MTL_ENABLE_DEBUG_INFO = NO;
				MTL_FAST_MATH = YES;
				SDKROOT = macosx;
				SWIFT_COMPILATION_MODE = wholemodule;
				SWIFT_OPTIMIZATION_LEVEL = "-O";
			};
			name = Release;
		};
		2DC869EC2736CD790037BB1B /* Debug */ = {
			isa = XCBuildConfiguration;
			buildSettings = {
				ASSETCATALOG_COMPILER_APPICON_NAME = AppIcon;
				ASSETCATALOG_COMPILER_GLOBAL_ACCENT_COLOR_NAME = AccentColor;
				CODE_SIGN_ENTITLEMENTS = AppIconHelper/AppIconHelper.entitlements;
				CODE_SIGN_STYLE = Automatic;
				COMBINE_HIDPI_IMAGES = YES;
				CURRENT_PROJECT_VERSION = 1;
				GENERATE_INFOPLIST_FILE = YES;
				INFOPLIST_KEY_NSHumanReadableCopyright = "";
				INFOPLIST_KEY_NSMainStoryboardFile = Main;
				INFOPLIST_KEY_NSPrincipalClass = NSApplication;
				LD_RUNPATH_SEARCH_PATHS = (
					"$(inherited)",
					"@executable_path/../Frameworks",
				);
				MACOSX_DEPLOYMENT_TARGET = 10.15;
				MARKETING_VERSION = 1.0;
				PRODUCT_BUNDLE_IDENTIFIER = com.mgfjx.AppIconHelper;
				PRODUCT_NAME = "$(TARGET_NAME)";
				SWIFT_EMIT_LOC_STRINGS = YES;
				SWIFT_VERSION = 5.0;
			};
			name = Debug;
		};
		2DC869ED2736CD790037BB1B /* Release */ = {
			isa = XCBuildConfiguration;
			buildSettings = {
				ASSETCATALOG_COMPILER_APPICON_NAME = AppIcon;
				ASSETCATALOG_COMPILER_GLOBAL_ACCENT_COLOR_NAME = AccentColor;
				CODE_SIGN_ENTITLEMENTS = AppIconHelper/AppIconHelper.entitlements;
				CODE_SIGN_STYLE = Automatic;
				COMBINE_HIDPI_IMAGES = YES;
				CURRENT_PROJECT_VERSION = 1;
				GENERATE_INFOPLIST_FILE = YES;
				INFOPLIST_KEY_NSHumanReadableCopyright = "";
				INFOPLIST_KEY_NSMainStoryboardFile = Main;
				INFOPLIST_KEY_NSPrincipalClass = NSApplication;
				LD_RUNPATH_SEARCH_PATHS = (
					"$(inherited)",
					"@executable_path/../Frameworks",
				);
				MACOSX_DEPLOYMENT_TARGET = 10.15;
				MARKETING_VERSION = 1.0;
				PRODUCT_BUNDLE_IDENTIFIER = com.mgfjx.AppIconHelper;
				PRODUCT_NAME = "$(TARGET_NAME)";
				SWIFT_EMIT_LOC_STRINGS = YES;
				SWIFT_VERSION = 5.0;
			};
			name = Release;
		};
		2DC869EF2736CD790037BB1B /* Debug */ = {
			isa = XCBuildConfiguration;
			buildSettings = {
				ALWAYS_EMBED_SWIFT_STANDARD_LIBRARIES = YES;
				BUNDLE_LOADER = "$(TEST_HOST)";
				CODE_SIGN_STYLE = Automatic;
				COMBINE_HIDPI_IMAGES = YES;
				CURRENT_PROJECT_VERSION = 1;
				GENERATE_INFOPLIST_FILE = YES;
				LD_RUNPATH_SEARCH_PATHS = (
					"$(inherited)",
					"@executable_path/../Frameworks",
					"@loader_path/../Frameworks",
				);
				MACOSX_DEPLOYMENT_TARGET = 11.6;
				MARKETING_VERSION = 1.0;
				PRODUCT_BUNDLE_IDENTIFIER = com.mgfjx.AppIconHelperTests;
				PRODUCT_NAME = "$(TARGET_NAME)";
				SWIFT_EMIT_LOC_STRINGS = NO;
				SWIFT_VERSION = 5.0;
				TEST_HOST = "$(BUILT_PRODUCTS_DIR)/AppIconHelper.app/Contents/MacOS/AppIconHelper";
			};
			name = Debug;
		};
		2DC869F02736CD790037BB1B /* Release */ = {
			isa = XCBuildConfiguration;
			buildSettings = {
				ALWAYS_EMBED_SWIFT_STANDARD_LIBRARIES = YES;
				BUNDLE_LOADER = "$(TEST_HOST)";
				CODE_SIGN_STYLE = Automatic;
				COMBINE_HIDPI_IMAGES = YES;
				CURRENT_PROJECT_VERSION = 1;
				GENERATE_INFOPLIST_FILE = YES;
				LD_RUNPATH_SEARCH_PATHS = (
					"$(inherited)",
					"@executable_path/../Frameworks",
					"@loader_path/../Frameworks",
				);
				MACOSX_DEPLOYMENT_TARGET = 11.6;
				MARKETING_VERSION = 1.0;
				PRODUCT_BUNDLE_IDENTIFIER = com.mgfjx.AppIconHelperTests;
				PRODUCT_NAME = "$(TARGET_NAME)";
				SWIFT_EMIT_LOC_STRINGS = NO;
				SWIFT_VERSION = 5.0;
				TEST_HOST = "$(BUILT_PRODUCTS_DIR)/AppIconHelper.app/Contents/MacOS/AppIconHelper";
			};
			name = Release;
		};
		2DC869F22736CD790037BB1B /* Debug */ = {
			isa = XCBuildConfiguration;
			buildSettings = {
				ALWAYS_EMBED_SWIFT_STANDARD_LIBRARIES = YES;
				CODE_SIGN_STYLE = Automatic;
				COMBINE_HIDPI_IMAGES = YES;
				CURRENT_PROJECT_VERSION = 1;
				GENERATE_INFOPLIST_FILE = YES;
				LD_RUNPATH_SEARCH_PATHS = (
					"$(inherited)",
					"@executable_path/../Frameworks",
					"@loader_path/../Frameworks",
				);
				MARKETING_VERSION = 1.0;
				PRODUCT_BUNDLE_IDENTIFIER = com.mgfjx.AppIconHelperUITests;
				PRODUCT_NAME = "$(TARGET_NAME)";
				SWIFT_EMIT_LOC_STRINGS = NO;
				SWIFT_VERSION = 5.0;
				TEST_TARGET_NAME = AppIconHelper;
			};
			name = Debug;
		};
		2DC869F32736CD790037BB1B /* Release */ = {
			isa = XCBuildConfiguration;
			buildSettings = {
				ALWAYS_EMBED_SWIFT_STANDARD_LIBRARIES = YES;
				CODE_SIGN_STYLE = Automatic;
				COMBINE_HIDPI_IMAGES = YES;
				CURRENT_PROJECT_VERSION = 1;
				GENERATE_INFOPLIST_FILE = YES;
				LD_RUNPATH_SEARCH_PATHS = (
					"$(inherited)",
					"@executable_path/../Frameworks",
					"@loader_path/../Frameworks",
				);
				MARKETING_VERSION = 1.0;
				PRODUCT_BUNDLE_IDENTIFIER = com.mgfjx.AppIconHelperUITests;
				PRODUCT_NAME = "$(TARGET_NAME)";
				SWIFT_EMIT_LOC_STRINGS = NO;
				SWIFT_VERSION = 5.0;
				TEST_TARGET_NAME = AppIconHelper;
			};
			name = Release;
		};
/* End XCBuildConfiguration section */

/* Begin XCConfigurationList section */
		2DC869C12736CD740037BB1B /* Build configuration list for PBXProject "AppIconHelper" */ = {
			isa = XCConfigurationList;
			buildConfigurations = (
				2DC869E92736CD790037BB1B /* Debug */,
				2DC869EA2736CD790037BB1B /* Release */,
			);
			defaultConfigurationIsVisible = 0;
			defaultConfigurationName = Release;
		};
		2DC869EB2736CD790037BB1B /* Build configuration list for PBXNativeTarget "AppIconHelper" */ = {
			isa = XCConfigurationList;
			buildConfigurations = (
				2DC869EC2736CD790037BB1B /* Debug */,
				2DC869ED2736CD790037BB1B /* Release */,
			);
			defaultConfigurationIsVisible = 0;
			defaultConfigurationName = Release;
		};
		2DC869EE2736CD790037BB1B /* Build configuration list for PBXNativeTarget "AppIconHelperTests" */ = {
			isa = XCConfigurationList;
			buildConfigurations = (
				2DC869EF2736CD790037BB1B /* Debug */,
				2DC869F02736CD790037BB1B /* Release */,
			);
			defaultConfigurationIsVisible = 0;
			defaultConfigurationName = Release;
		};
		2DC869F12736CD790037BB1B /* Build configuration list for PBXNativeTarget "AppIconHelperUITests" */ = {
			isa = XCConfigurationList;
			buildConfigurations = (
				2DC869F22736CD790037BB1B /* Debug */,
				2DC869F32736CD790037BB1B /* Release */,
			);
			defaultConfigurationIsVisible = 0;
			defaultConfigurationName = Release;
		};
/* End XCConfigurationList section */
	};
	rootObject = 2DC869BE2736CD740037BB1B /* Project object */;
}
